PODS:
  - FBSnapshotTestCase (2.1.4):
    - FBSnapshotTestCase/SwiftSupport (= 2.1.4)
  - FBSnapshotTestCase/Core (2.1.4)
  - FBSnapshotTestCase/SwiftSupport (2.1.4):
    - FBSnapshotTestCase/Core
  - HTAppPublic (0.1.0):
    - HTAppPublic/HTAppPublicVendor (= 0.1.0)
    - Masonry (= 1.1.0)
    - MBProgressHUD (~> 1.0.0)
    - RongCloudIM/IMKit (~> 2.10.4)
    - RongCloudIM/IMLib (~> 2.10.4)
    - SnapKit
    - SwiftyJSON (= 4.1.0)
    - YYText
    - YYWebImage
  - HTAppPublic/HTAppPublicVendor (0.1.0):
    - Masonry (= 1.1.0)
    - MBProgressHUD (~> 1.0.0)
    - RongCloudIM/IMKit (~> 2.10.4)
    - RongCloudIM/IMLib (~> 2.10.4)
    - SnapKit
    - SwiftyJSON (= 4.1.0)
    - YYText
    - YYWebImage
  - Masonry (1.1.0)
  - MBProgressHUD (1.0.0)
  - RongCloudIM/IMKit (2.10.6):
    - RongCloudIM/IMLib
  - RongCloudIM/IMLib (2.10.6)
  - SnapKit (4.2.0)
  - SwiftyJSON (4.1.0)
  - YYCache (1.0.4)
  - YYImage (1.0.4):
    - YYImage/Core (= 1.0.4)
  - YYImage/Core (1.0.4)
  - YYText (1.0.7)
  - YYWebImage (1.0.5):
    - YYCache
    - YYImage

DEPENDENCIES:
  - FBSnapshotTestCase (~> 2.1.4)
  - HTAppPublic (from `../`)

SPEC REPOS:
  trunk:
    - FBSnapshotTestCase
    - Masonry
    - MBProgressHUD
    - RongCloudIM
    - SnapKit
    - SwiftyJSON
    - YYCache
    - YYImage
    - YYText
    - YYWebImage

EXTERNAL SOURCES:
  HTAppPublic:
    :path: "../"

SPEC CHECKSUMS:
  FBSnapshotTestCase: 094f9f314decbabe373b87cc339bea235a63e07a
  HTAppPublic: 5660ace14b54904a4861b027a48d5c4ceb4bfcdb
  Masonry: 678fab65091a9290e40e2832a55e7ab731aad201
  MBProgressHUD: 4890f671c94e8a0f3cf959aa731e9de2f036d71a
  RongCloudIM: b1768dcb3af90d00ce621f7de4f787285435fbe3
  SnapKit: fe8a619752f3f27075cc9a90244d75c6c3f27e2a
  SwiftyJSON: c29297daf073d2aa016295d5809cdd68045c39b3
  YYCache: 8105b6638f5e849296c71f331ff83891a4942952
  YYImage: 1e1b62a9997399593e4b9c4ecfbbabbf1d3f3b54
  YYText: 5c461d709e24d55a182d1441c41dc639a18a4849
  YYWebImage: 5f7f36aee2ae293f016d418c7d6ba05c4863e928

PODFILE CHECKSUM: 7f25c7c99df0703189b4b66181503248f2110aab

COCOAPODS: 1.10.1
